
Microsoft Visual Studio Solution File, Format Version 12.00
Project("{F2A71F9B-5D33-465A-A702-920D77279786}") = "LiterateSlides", "LiterateSlides\LiterateSlides.fsproj", "{534D8A6F-F957-4EE7-90B0-72380CC0F2A2}"
EndProject
Project("{F2A71F9B-5D33-465A-A702-920D77279786}") = "Benchmarks", "Benchmarks_ImmutableList\Benchmarks\Benchmarks.fsproj", "{10FA35F9-C48D-4DF2-9E0B-B97B4EFF830B}"
EndProject
Global
	GlobalSection(SolutionConfigurationPlatforms) = preSolution
		Debug|Any CPU = Debug|Any CPU
		Release|Any CPU = Release|Any CPU
	EndGlobalSection
	GlobalSection(ProjectConfigurationPlatforms) = postSolution
		{534D8A6F-F957-4EE7-90B0-72380CC0F2A2}.Debug|Any CPU.ActiveCfg = Debug|Any CPU
		{534D8A6F-F957-4EE7-90B0-72380CC0F2A2}.Debug|Any CPU.Build.0 = Debug|Any CPU
		{534D8A6F-F957-4EE7-90B0-72380CC0F2A2}.Release|Any CPU.ActiveCfg = Release|Any CPU
		{534D8A6F-F957-4EE7-90B0-72380CC0F2A2}.Release|Any CPU.Build.0 = Release|Any CPU
		{10FA35F9-C48D-4DF2-9E0B-B97B4EFF830B}.Debug|Any CPU.ActiveCfg = Debug|Any CPU
		{10FA35F9-C48D-4DF2-9E0B-B97B4EFF830B}.Debug|Any CPU.Build.0 = Debug|Any CPU
		{10FA35F9-C48D-4DF2-9E0B-B97B4EFF830B}.Release|Any CPU.ActiveCfg = Release|Any CPU
		{10FA35F9-C48D-4DF2-9E0B-B97B4EFF830B}.Release|Any CPU.Build.0 = Release|Any CPU
	EndGlobalSection
EndGlobal
